
Microsoft Visual Studio Solution File, Format Version 12.00
# Visual Studio Version 17
VisualStudioVersion = 17.0.31903.59
MinimumVisualStudioVersion = 10.0.40219.1
Project("{2150E333-8FDC-42A3-9474-1A3956D46DE8}") = "src", "src", "{827E0CD3-B72D-47B6-A68D-7590B98EB39B}"
EndProject
Project("{FAE04EC0-301F-11D3-BF4B-00C04F79EFBC}") = "CrowdControl.Api", "src\CrowdControl.Api\CrowdControl.Api.csproj", "{797A798F-0096-4277-9F24-C19960A91F6C}"
EndProject
Project("{FAE04EC0-301F-11D3-BF4B-00C04F79EFBC}") = "CrowdControl.Application", "src\CrowdControl.Application\CrowdControl.Application.csproj", "{F2463808-918F-449E-8B6E-9298A393F866}"
EndProject
Project("{FAE04EC0-301F-11D3-BF4B-00C04F79EFBC}") = "CrowdControl.Dashboard", "src\CrowdControl.Dashboard\CrowdControl.Dashboard.csproj", "{B1F05280-01A2-4861-BFB4-12DD40ACB283}"
EndProject
Project("{FAE04EC0-301F-11D3-BF4B-00C04F79EFBC}") = "CrowdControl.Domain", "src\CrowdControl.Domain\CrowdControl.Domain.csproj", "{76CA7EF3-2E90-44A1-8A86-4F865C266710}"
EndProject
Project("{FAE04EC0-301F-11D3-BF4B-00C04F79EFBC}") = "CrowdControl.Infrastructure.Messaging", "src\CrowdControl.Infrastructure.Messaging\CrowdControl.Infrastructure.Messaging.csproj", "{AA69EF71-A005-4EB9-8CB9-6D8F3F5D81AE}"
EndProject
Project("{FAE04EC0-301F-11D3-BF4B-00C04F79EFBC}") = "CrowdControl.Infrastructure.Persistence", "src\CrowdControl.Infrastructure.Persistence\CrowdControl.Infrastructure.Persistence.csproj", "{91888249-4339-4DBD-B9CA-2E1D6E5BC4BC}"
EndProject
Project("{FAE04EC0-301F-11D3-BF4B-00C04F79EFBC}") = "CrowdControl.Shared", "src\CrowdControl.Shared\CrowdControl.Shared.csproj", "{8438E9B5-5B78-41B7-85EF-33CFD6F1C99C}"
EndProject
Project("{2150E333-8FDC-42A3-9474-1A3956D46DE8}") = "tests", "tests", "{0AB3BF05-4346-4AA6-1389-037BE0695223}"
EndProject
Project("{FAE04EC0-301F-11D3-BF4B-00C04F79EFBC}") = "CrowdControl.Api.IntegrationTests", "tests\CrowdControl.Api.IntegrationTests\CrowdControl.Api.IntegrationTests.csproj", "{D001D19A-F06B-467A-B2D8-491B41A4590E}"
EndProject
Project("{FAE04EC0-301F-11D3-BF4B-00C04F79EFBC}") = "CrowdControl.Application.Tests", "tests\CrowdControl.Application.Tests\CrowdControl.Application.Tests.csproj", "{D02AA369-A9C6-4D81-ADF8-030BA167A3D8}"
EndProject
Project("{FAE04EC0-301F-11D3-BF4B-00C04F79EFBC}") = "CrowdControl.Domain.Tests", "tests\CrowdControl.Domain.Tests\CrowdControl.Domain.Tests.csproj", "{BEAC25FD-87C5-4742-98C2-F617EBF4E4C2}"
EndProject
Global
	GlobalSection(SolutionConfigurationPlatforms) = preSolution
		Debug|Any CPU = Debug|Any CPU
		Debug|x64 = Debug|x64
		Debug|x86 = Debug|x86
		Release|Any CPU = Release|Any CPU
		Release|x64 = Release|x64
		Release|x86 = Release|x86
	EndGlobalSection
	GlobalSection(ProjectConfigurationPlatforms) = postSolution
		{797A798F-0096-4277-9F24-C19960A91F6C}.Debug|Any CPU.ActiveCfg = Debug|Any CPU
		{797A798F-0096-4277-9F24-C19960A91F6C}.Debug|Any CPU.Build.0 = Debug|Any CPU
		{797A798F-0096-4277-9F24-C19960A91F6C}.Debug|x64.ActiveCfg = Debug|Any CPU
		{797A798F-0096-4277-9F24-C19960A91F6C}.Debug|x64.Build.0 = Debug|Any CPU
		{797A798F-0096-4277-9F24-C19960A91F6C}.Debug|x86.ActiveCfg = Debug|Any CPU
		{797A798F-0096-4277-9F24-C19960A91F6C}.Debug|x86.Build.0 = Debug|Any CPU
		{797A798F-0096-4277-9F24-C19960A91F6C}.Release|Any CPU.ActiveCfg = Release|Any CPU
		{797A798F-0096-4277-9F24-C19960A91F6C}.Release|Any CPU.Build.0 = Release|Any CPU
		{797A798F-0096-4277-9F24-C19960A91F6C}.Release|x64.ActiveCfg = Release|Any CPU
		{797A798F-0096-4277-9F24-C19960A91F6C}.Release|x64.Build.0 = Release|Any CPU
		{797A798F-0096-4277-9F24-C19960A91F6C}.Release|x86.ActiveCfg = Release|Any CPU
		{797A798F-0096-4277-9F24-C19960A91F6C}.Release|x86.Build.0 = Release|Any CPU
		{F2463808-918F-449E-8B6E-9298A393F866}.Debug|Any CPU.ActiveCfg = Debug|Any CPU
		{F2463808-918F-449E-8B6E-9298A393F866}.Debug|Any CPU.Build.0 = Debug|Any CPU
		{F2463808-918F-449E-8B6E-9298A393F866}.Debug|x64.ActiveCfg = Debug|Any CPU
		{F2463808-918F-449E-8B6E-9298A393F866}.Debug|x64.Build.0 = Debug|Any CPU
		{F2463808-918F-449E-8B6E-9298A393F866}.Debug|x86.ActiveCfg = Debug|Any CPU
		{F2463808-918F-449E-8B6E-9298A393F866}.Debug|x86.Build.0 = Debug|Any CPU
		{F2463808-918F-449E-8B6E-9298A393F866}.Release|Any CPU.ActiveCfg = Release|Any CPU
		{F2463808-918F-449E-8B6E-9298A393F866}.Release|Any CPU.Build.0 = Release|Any CPU
		{F2463808-918F-449E-8B6E-9298A393F866}.Release|x64.ActiveCfg = Release|Any CPU
		{F2463808-918F-449E-8B6E-9298A393F866}.Release|x64.Build.0 = Release|Any CPU
		{F2463808-918F-449E-8B6E-9298A393F866}.Release|x86.ActiveCfg = Release|Any CPU
		{F2463808-918F-449E-8B6E-9298A393F866}.Release|x86.Build.0 = Release|Any CPU
		{B1F05280-01A2-4861-BFB4-12DD40ACB283}.Debug|Any CPU.ActiveCfg = Debug|Any CPU
		{B1F05280-01A2-4861-BFB4-12DD40ACB283}.Debug|Any CPU.Build.0 = Debug|Any CPU
		{B1F05280-01A2-4861-BFB4-12DD40ACB283}.Debug|x64.ActiveCfg = Debug|Any CPU
		{B1F05280-01A2-4861-BFB4-12DD40ACB283}.Debug|x64.Build.0 = Debug|Any CPU
		{B1F05280-01A2-4861-BFB4-12DD40ACB283}.Debug|x86.ActiveCfg = Debug|Any CPU
		{B1F05280-01A2-4861-BFB4-12DD40ACB283}.Debug|x86.Build.0 = Debug|Any CPU
		{B1F05280-01A2-4861-BFB4-12DD40ACB283}.Release|Any CPU.ActiveCfg = Release|Any CPU
		{B1F05280-01A2-4861-BFB4-12DD40ACB283}.Release|Any CPU.Build.0 = Release|Any CPU
		{B1F05280-01A2-4861-BFB4-12DD40ACB283}.Release|x64.ActiveCfg = Release|Any CPU
		{B1F05280-01A2-4861-BFB4-12DD40ACB283}.Release|x64.Build.0 = Release|Any CPU
		{B1F05280-01A2-4861-BFB4-12DD40ACB283}.Release|x86.ActiveCfg = Release|Any CPU
		{B1F05280-01A2-4861-BFB4-12DD40ACB283}.Release|x86.Build.0 = Release|Any CPU
		{76CA7EF3-2E90-44A1-8A86-4F865C266710}.Debug|Any CPU.ActiveCfg = Debug|Any CPU
		{76CA7EF3-2E90-44A1-8A86-4F865C266710}.Debug|Any CPU.Build.0 = Debug|Any CPU
		{76CA7EF3-2E90-44A1-8A86-4F865C266710}.Debug|x64.ActiveCfg = Debug|Any CPU
		{76CA7EF3-2E90-44A1-8A86-4F865C266710}.Debug|x64.Build.0 = Debug|Any CPU
		{76CA7EF3-2E90-44A1-8A86-4F865C266710}.Debug|x86.ActiveCfg = Debug|Any CPU
		{76CA7EF3-2E90-44A1-8A86-4F865C266710}.Debug|x86.Build.0 = Debug|Any CPU
		{76CA7EF3-2E90-44A1-8A86-4F865C266710}.Release|Any CPU.ActiveCfg = Release|Any CPU
		{76CA7EF3-2E90-44A1-8A86-4F865C266710}.Release|Any CPU.Build.0 = Release|Any CPU
		{76CA7EF3-2E90-44A1-8A86-4F865C266710}.Release|x64.ActiveCfg = Release|Any CPU
		{76CA7EF3-2E90-44A1-8A86-4F865C266710}.Release|x64.Build.0 = Release|Any CPU
		{76CA7EF3-2E90-44A1-8A86-4F865C266710}.Release|x86.ActiveCfg = Release|Any CPU
		{76CA7EF3-2E90-44A1-8A86-4F865C266710}.Release|x86.Build.0 = Release|Any CPU
		{AA69EF71-A005-4EB9-8CB9-6D8F3F5D81AE}.Debug|Any CPU.ActiveCfg = Debug|Any CPU
		{AA69EF71-A005-4EB9-8CB9-6D8F3F5D81AE}.Debug|Any CPU.Build.0 = Debug|Any CPU
		{AA69EF71-A005-4EB9-8CB9-6D8F3F5D81AE}.Debug|x64.ActiveCfg = Debug|Any CPU
		{AA69EF71-A005-4EB9-8CB9-6D8F3F5D81AE}.Debug|x64.Build.0 = Debug|Any CPU
		{AA69EF71-A005-4EB9-8CB9-6D8F3F5D81AE}.Debug|x86.ActiveCfg = Debug|Any CPU
		{AA69EF71-A005-4EB9-8CB9-6D8F3F5D81AE}.Debug|x86.Build.0 = Debug|Any CPU
		{AA69EF71-A005-4EB9-8CB9-6D8F3F5D81AE}.Release|Any CPU.ActiveCfg = Release|Any CPU
		{AA69EF71-A005-4EB9-8CB9-6D8F3F5D81AE}.Release|Any CPU.Build.0 = Release|Any CPU
		{AA69EF71-A005-4EB9-8CB9-6D8F3F5D81AE}.Release|x64.ActiveCfg = Release|Any CPU
		{AA69EF71-A005-4EB9-8CB9-6D8F3F5D81AE}.Release|x64.Build.0 = Release|Any CPU
		{AA69EF71-A005-4EB9-8CB9-6D8F3F5D81AE}.Release|x86.ActiveCfg = Release|Any CPU
		{AA69EF71-A005-4EB9-8CB9-6D8F3F5D81AE}.Release|x86.Build.0 = Release|Any CPU
		{91888249-4339-4DBD-B9CA-2E1D6E5BC4BC}.Debug|Any CPU.ActiveCfg = Debug|Any CPU
		{91888249-4339-4DBD-B9CA-2E1D6E5BC4BC}.Debug|Any CPU.Build.0 = Debug|Any CPU
		{91888249-4339-4DBD-B9CA-2E1D6E5BC4BC}.Debug|x64.ActiveCfg = Debug|Any CPU
		{91888249-4339-4DBD-B9CA-2E1D6E5BC4BC}.Debug|x64.Build.0 = Debug|Any CPU
		{91888249-4339-4DBD-B9CA-2E1D6E5BC4BC}.Debug|x86.ActiveCfg = Debug|Any CPU
		{91888249-4339-4DBD-B9CA-2E1D6E5BC4BC}.Debug|x86.Build.0 = Debug|Any CPU
		{91888249-4339-4DBD-B9CA-2E1D6E5BC4BC}.Release|Any CPU.ActiveCfg = Release|Any CPU
		{91888249-4339-4DBD-B9CA-2E1D6E5BC4BC}.Release|Any CPU.Build.0 = Release|Any CPU
		{91888249-4339-4DBD-B9CA-2E1D6E5BC4BC}.Release|x64.ActiveCfg = Release|Any CPU
		{91888249-4339-4DBD-B9CA-2E1D6E5BC4BC}.Release|x64.Build.0 = Release|Any CPU
		{91888249-4339-4DBD-B9CA-2E1D6E5BC4BC}.Release|x86.ActiveCfg = Release|Any CPU
		{91888249-4339-4DBD-B9CA-2E1D6E5BC4BC}.Release|x86.Build.0 = Release|Any CPU
		{8438E9B5-5B78-41B7-85EF-33CFD6F1C99C}.Debug|Any CPU.ActiveCfg = Debug|Any CPU
		{8438E9B5-5B78-41B7-85EF-33CFD6F1C99C}.Debug|Any CPU.Build.0 = Debug|Any CPU
		{8438E9B5-5B78-41B7-85EF-33CFD6F1C99C}.Debug|x64.ActiveCfg = Debug|Any CPU
		{8438E9B5-5B78-41B7-85EF-33CFD6F1C99C}.Debug|x64.Build.0 = Debug|Any CPU
		{8438E9B5-5B78-41B7-85EF-33CFD6F1C99C}.Debug|x86.ActiveCfg = Debug|Any CPU
		{8438E9B5-5B78-41B7-85EF-33CFD6F1C99C}.Debug|x86.Build.0 = Debug|Any CPU
		{8438E9B5-5B78-41B7-85EF-33CFD6F1C99C}.Release|Any CPU.ActiveCfg = Release|Any CPU
		{8438E9B5-5B78-41B7-85EF-33CFD6F1C99C}.Release|Any CPU.Build.0 = Release|Any CPU
		{8438E9B5-5B78-41B7-85EF-33CFD6F1C99C}.Release|x64.ActiveCfg = Release|Any CPU
		{8438E9B5-5B78-41B7-85EF-33CFD6F1C99C}.Release|x64.Build.0 = Release|Any CPU
		{8438E9B5-5B78-41B7-85EF-33CFD6F1C99C}.Release|x86.ActiveCfg = Release|Any CPU
		{8438E9B5-5B78-41B7-85EF-33CFD6F1C99C}.Release|x86.Build.0 = Release|Any CPU
		{D001D19A-F06B-467A-B2D8-491B41A4590E}.Debug|Any CPU.ActiveCfg = Debug|Any CPU
		{D001D19A-F06B-467A-B2D8-491B41A4590E}.Debug|Any CPU.Build.0 = Debug|Any CPU
		{D001D19A-F06B-467A-B2D8-491B41A4590E}.Debug|x64.ActiveCfg = Debug|Any CPU
		{D001D19A-F06B-467A-B2D8-491B41A4590E}.Debug|x64.Build.0 = Debug|Any CPU
		{D001D19A-F06B-467A-B2D8-491B41A4590E}.Debug|x86.ActiveCfg = Debug|Any CPU
		{D001D19A-F06B-467A-B2D8-491B41A4590E}.Debug|x86.Build.0 = Debug|Any CPU
		{D001D19A-F06B-467A-B2D8-491B41A4590E}.Release|Any CPU.ActiveCfg = Release|Any CPU
		{D001D19A-F06B-467A-B2D8-491B41A4590E}.Release|Any CPU.Build.0 = Release|Any CPU
		{D001D19A-F06B-467A-B2D8-491B41A4590E}.Release|x64.ActiveCfg = Release|Any CPU
		{D001D19A-F06B-467A-B2D8-491B41A4590E}.Release|x64.Build.0 = Release|Any CPU
		{D001D19A-F06B-467A-B2D8-491B41A4590E}.Release|x86.ActiveCfg = Release|Any CPU
		{D001D19A-F06B-467A-B2D8-491B41A4590E}.Release|x86.Build.0 = Release|Any CPU
		{D02AA369-A9C6-4D81-ADF8-030BA167A3D8}.Debug|Any CPU.ActiveCfg = Debug|Any CPU
		{D02AA369-A9C6-4D81-ADF8-030BA167A3D8}.Debug|Any CPU.Build.0 = Debug|Any CPU
		{D02AA369-A9C6-4D81-ADF8-030BA167A3D8}.Debug|x64.ActiveCfg = Debug|Any CPU
		{D02AA369-A9C6-4D81-ADF8-030BA167A3D8}.Debug|x64.Build.0 = Debug|Any CPU
		{D02AA369-A9C6-4D81-ADF8-030BA167A3D8}.Debug|x86.ActiveCfg = Debug|Any CPU
		{D02AA369-A9C6-4D81-ADF8-030BA167A3D8}.Debug|x86.Build.0 = Debug|Any CPU
		{D02AA369-A9C6-4D81-ADF8-030BA167A3D8}.Release|Any CPU.ActiveCfg = Release|Any CPU
		{D02AA369-A9C6-4D81-ADF8-030BA167A3D8}.Release|Any CPU.Build.0 = Release|Any CPU
		{D02AA369-A9C6-4D81-ADF8-030BA167A3D8}.Release|x64.ActiveCfg = Release|Any CPU
		{D02AA369-A9C6-4D81-ADF8-030BA167A3D8}.Release|x64.Build.0 = Release|Any CPU
		{D02AA369-A9C6-4D81-ADF8-030BA167A3D8}.Release|x86.ActiveCfg = Release|Any CPU
		{D02AA369-A9C6-4D81-ADF8-030BA167A3D8}.Release|x86.Build.0 = Release|Any CPU
		{BEAC25FD-87C5-4742-98C2-F617EBF4E4C2}.Debug|Any CPU.ActiveCfg = Debug|Any CPU
		{BEAC25FD-87C5-4742-98C2-F617EBF4E4C2}.Debug|Any CPU.Build.0 = Debug|Any CPU
		{BEAC25FD-87C5-4742-98C2-F617EBF4E4C2}.Debug|x64.ActiveCfg = Debug|Any CPU
		{BEAC25FD-87C5-4742-98C2-F617EBF4E4C2}.Debug|x64.Build.0 = Debug|Any CPU
		{BEAC25FD-87C5-4742-98C2-F617EBF4E4C2}.Debug|x86.ActiveCfg = Debug|Any CPU
		{BEAC25FD-87C5-4742-98C2-F617EBF4E4C2}.Debug|x86.Build.0 = Debug|Any CPU
		{BEAC25FD-87C5-4742-98C2-F617EBF4E4C2}.Release|Any CPU.ActiveCfg = Release|Any CPU
		{BEAC25FD-87C5-4742-98C2-F617EBF4E4C2}.Release|Any CPU.Build.0 = Release|Any CPU
		{BEAC25FD-87C5-4742-98C2-F617EBF4E4C2}.Release|x64.ActiveCfg = Release|Any CPU
		{BEAC25FD-87C5-4742-98C2-F617EBF4E4C2}.Release|x64.Build.0 = Release|Any CPU
		{BEAC25FD-87C5-4742-98C2-F617EBF4E4C2}.Release|x86.ActiveCfg = Release|Any CPU
		{BEAC25FD-87C5-4742-98C2-F617EBF4E4C2}.Release|x86.Build.0 = Release|Any CPU
	EndGlobalSection
	GlobalSection(SolutionProperties) = preSolution
		HideSolutionNode = FALSE
	EndGlobalSection
	GlobalSection(NestedProjects) = preSolution
		{797A798F-0096-4277-9F24-C19960A91F6C} = {827E0CD3-B72D-47B6-A68D-7590B98EB39B}
		{F2463808-918F-449E-8B6E-9298A393F866} = {827E0CD3-B72D-47B6-A68D-7590B98EB39B}
		{B1F05280-01A2-4861-BFB4-12DD40ACB283} = {827E0CD3-B72D-47B6-A68D-7590B98EB39B}
		{76CA7EF3-2E90-44A1-8A86-4F865C266710} = {827E0CD3-B72D-47B6-A68D-7590B98EB39B}
		{AA69EF71-A005-4EB9-8CB9-6D8F3F5D81AE} = {827E0CD3-B72D-47B6-A68D-7590B98EB39B}
		{91888249-4339-4DBD-B9CA-2E1D6E5BC4BC} = {827E0CD3-B72D-47B6-A68D-7590B98EB39B}
		{8438E9B5-5B78-41B7-85EF-33CFD6F1C99C} = {827E0CD3-B72D-47B6-A68D-7590B98EB39B}
		{D001D19A-F06B-467A-B2D8-491B41A4590E} = {0AB3BF05-4346-4AA6-1389-037BE0695223}
		{D02AA369-A9C6-4D81-ADF8-030BA167A3D8} = {0AB3BF05-4346-4AA6-1389-037BE0695223}
		{BEAC25FD-87C5-4742-98C2-F617EBF4E4C2} = {0AB3BF05-4346-4AA6-1389-037BE0695223}
	EndGlobalSection
EndGlobal
